// !$*UTF8*$!
{
	archiveVersion = 1;
	classes = {
	};
	objectVersion = 55;
	objects = {

/* Begin PBXBuildFile section */
		1477D50127EFEE0D00435473 /* bytedance-002. 发下午茶.c in Sources */ = {isa = PBXBuildFile; fileRef = 1477D4FF27EFEAF400435473 /* bytedance-002. 发下午茶.c */; };
/* End PBXBuildFile section */

/* Begin PBXCopyFilesBuildPhase section */
		1464A3FA27D6D06500BFE294 /* CopyFiles */ = {
			isa = PBXCopyFilesBuildPhase;
			buildActionMask = 2147483647;
			dstPath = /usr/share/man/man1/;
			dstSubfolderSpec = 0;
			files = (
			);
			runOnlyForDeploymentPostprocessing = 1;
		};
/* End PBXCopyFilesBuildPhase section */

/* Begin PBXFileReference section */
		1407C71827D8DF2A0026B88A /* 124. 二叉树中的最大路径和.c */ = {isa = PBXFileReference; lastKnownFileType = sourcecode.c.c; path = "124. 二叉树中的最大路径和.c"; sourceTree = "<group>"; };
		1407C71C27D992230026B88A /* 206. 反转链表.c */ = {isa = PBXFileReference; lastKnownFileType = sourcecode.c.c; path = "206. 反转链表.c"; sourceTree = "<group>"; };
		1407C71E27D995220026B88A /* 199. 二叉树的右视图.c */ = {isa = PBXFileReference; lastKnownFileType = sourcecode.c.c; path = "199. 二叉树的右视图.c"; sourceTree = "<group>"; };
		1407C72227D9BCDD0026B88A /* bytedance-016. 16. 最短移动距离.cpp */ = {isa = PBXFileReference; lastKnownFileType = sourcecode.cpp.cpp; path = "bytedance-016. 16. 最短移动距离.cpp"; sourceTree = "<group>"; };
		1407C72827DA1CB50026B88A /* 16test.cpp */ = {isa = PBXFileReference; lastKnownFileType = sourcecode.cpp.cpp; path = 16test.cpp; sourceTree = "<group>"; };
		1411B69227E6B78100DA0DBF /* 88. 合并两个有序数组.c */ = {isa = PBXFileReference; lastKnownFileType = sourcecode.c.c; path = "88. 合并两个有序数组.c"; sourceTree = "<group>"; };
		1411B69427E6BB5000DA0DBF /* 31. 下一个排列.c */ = {isa = PBXFileReference; lastKnownFileType = sourcecode.c.c; path = "31. 下一个排列.c"; sourceTree = "<group>"; };
		1411B69627E6BD2000DA0DBF /* 4. 寻找两个正序数组的中位数.c */ = {isa = PBXFileReference; lastKnownFileType = sourcecode.c.c; path = "4. 寻找两个正序数组的中位数.c"; sourceTree = "<group>"; };
		141FEF4727E8041C00437299 /* 121. 买卖股票的最佳时机.c */ = {isa = PBXFileReference; lastKnownFileType = sourcecode.c.c; path = "121. 买卖股票的最佳时机.c"; sourceTree = "<group>"; };
		141FEF4927E806BA00437299 /* 56. 合并区间.cpp */ = {isa = PBXFileReference; lastKnownFileType = sourcecode.cpp.cpp; path = "56. 合并区间.cpp"; sourceTree = "<group>"; };
		141FEF4B27E80AA600437299 /* 135. 分发糖果.c */ = {isa = PBXFileReference; lastKnownFileType = sourcecode.c.c; path = "135. 分发糖果.c"; sourceTree = "<group>"; };
		141FEF5227E946A000437299 /* 232. 用栈实现队列.c */ = {isa = PBXFileReference; lastKnownFileType = sourcecode.c.c; path = "232. 用栈实现队列.c"; sourceTree = "<group>"; };
		141FEF5627E94BFE00437299 /* 22.括号生成.playground */ = {isa = PBXFileReference; lastKnownFileType = file.playground; path = "22.括号生成.playground"; sourceTree = "<group>"; xcLanguageSpecificationIdentifier = xcode.lang.swift; };
		141FEF5727E94EF300437299 /* 128. 最长连续序列.playground */ = {isa = PBXFileReference; lastKnownFileType = file.playground; path = "128. 最长连续序列.playground"; sourceTree = "<group>"; xcLanguageSpecificationIdentifier = xcode.lang.swift; };
		141FEF6927EA954B00437299 /* bytedance-007. 化学公式解析.c */ = {isa = PBXFileReference; lastKnownFileType = sourcecode.c.c; path = "bytedance-007. 化学公式解析.c"; sourceTree = "<group>"; };
		141FEF6B27EA97C600437299 /* 129. 求根节点到叶节点数字之和.playground */ = {isa = PBXFileReference; lastKnownFileType = file.playground; path = "129. 求根节点到叶节点数字之和.playground"; sourceTree = "<group>"; xcLanguageSpecificationIdentifier = xcode.lang.swift; };
		141FEF6C27EAC68900437299 /* 239. 滑动窗口最大值.playground */ = {isa = PBXFileReference; lastKnownFileType = file.playground; path = "239. 滑动窗口最大值.playground"; sourceTree = "<group>"; xcLanguageSpecificationIdentifier = xcode.lang.swift; };
		141FEF6D27EB0D1600437299 /* bytedance-007. 化学公式解析.cpp */ = {isa = PBXFileReference; lastKnownFileType = sourcecode.cpp.cpp; path = "bytedance-007. 化学公式解析.cpp"; sourceTree = "<group>"; };
		1441700227E006BA003A5A2E /* 20. 有效的括号.c */ = {isa = PBXFileReference; lastKnownFileType = sourcecode.c.c; path = "20. 有效的括号.c"; sourceTree = "<group>"; };
		1441700427E00C76003A5A2E /* 200. 岛屿数量.c */ = {isa = PBXFileReference; lastKnownFileType = sourcecode.c.c; path = "200. 岛屿数量.c"; sourceTree = "<group>"; };
		1441700627E013E3003A5A2E /* 76. 最小覆盖子串.c */ = {isa = PBXFileReference; lastKnownFileType = sourcecode.c.c; path = "76. 最小覆盖子串.c"; sourceTree = "<group>"; };
		1441700927E1662B003A5A2E /* 105. 从前序与中序遍历序列构造二叉树.c */ = {isa = PBXFileReference; lastKnownFileType = sourcecode.c.c; path = "105. 从前序与中序遍历序列构造二叉树.c"; sourceTree = "<group>"; };
		1441700B27E1681E003A5A2E /* 103. 二叉树的锯齿形层序遍历.c */ = {isa = PBXFileReference; lastKnownFileType = sourcecode.c.c; path = "103. 二叉树的锯齿形层序遍历.c"; sourceTree = "<group>"; };
		1441700D27E16980003A5A2E /* bytedance-010. 数组组成最大数.c */ = {isa = PBXFileReference; lastKnownFileType = sourcecode.c.c; path = "bytedance-010. 数组组成最大数.c"; sourceTree = "<group>"; };
		1441700F27E17F0A003A5A2E /* bytedance-010. 数组组成最大数ACM.cpp */ = {isa = PBXFileReference; lastKnownFileType = sourcecode.cpp.cpp; path = "bytedance-010. 数组组成最大数ACM.cpp"; sourceTree = "<group>"; };
		1448749527DEC38D00AE9974 /* 53. 最大子数组和.c */ = {isa = PBXFileReference; lastKnownFileType = sourcecode.c.c; path = "53. 最大子数组和.c"; sourceTree = "<group>"; };
		1448749727DEC60D00AE9974 /* 152. 乘积最大子数组.c */ = {isa = PBXFileReference; lastKnownFileType = sourcecode.c.c; path = "152. 乘积最大子数组.c"; sourceTree = "<group>"; };
		1448749927DED72A00AE9974 /* 41. 缺失的第一个正数.c */ = {isa = PBXFileReference; lastKnownFileType = sourcecode.c.c; path = "41. 缺失的第一个正数.c"; sourceTree = "<group>"; };
		1464A3FC27D6D06500BFE294 /* 字节跳动 */ = {isa = PBXFileReference; explicitFileType = "compiled.mach-o.executable"; includeInIndex = 0; path = "字节跳动"; sourceTree = BUILT_PRODUCTS_DIR; };
		1464A3FF27D6D06500BFE294 /* 21. 合并两个有序链表.c */ = {isa = PBXFileReference; lastKnownFileType = sourcecode.c.c; path = "21. 合并两个有序链表.c"; sourceTree = "<group>"; };
		1464A40627D6DB2B00BFE294 /* 146. LRU 缓存.cpp */ = {isa = PBXFileReference; lastKnownFileType = sourcecode.cpp.cpp; path = "146. LRU 缓存.cpp"; sourceTree = "<group>"; };
		1464A40827D6E73200BFE294 /* 25. K 个一组翻转链表.c */ = {isa = PBXFileReference; lastKnownFileType = sourcecode.c.c; path = "25. K 个一组翻转链表.c"; sourceTree = "<group>"; };
		1464A48627D84E0D00BFE294 /* 14. 最长公共前缀.c */ = {isa = PBXFileReference; lastKnownFileType = sourcecode.c.c; path = "14. 最长公共前缀.c"; sourceTree = "<group>"; };
		1464A48927D856E800BFE294 /* 3. 无重复字符的最长子串.c */ = {isa = PBXFileReference; lastKnownFileType = sourcecode.c.c; path = "3. 无重复字符的最长子串.c"; sourceTree = "<group>"; };
		146805AF27DB1C1400D1B046 /* 1. 两数之和.c */ = {isa = PBXFileReference; lastKnownFileType = sourcecode.c.c; path = "1. 两数之和.c"; sourceTree = "<group>"; };
		146805B227DB699400D1B046 /* 15. 三数之和.c */ = {isa = PBXFileReference; lastKnownFileType = sourcecode.c.c; path = "15. 三数之和.c"; sourceTree = "<group>"; };
		146805B427DB6B0500D1B046 /* 42. 接雨水.c */ = {isa = PBXFileReference; lastKnownFileType = sourcecode.c.c; path = "42. 接雨水.c"; sourceTree = "<group>"; };
		146805B727DC2F9000D1B046 /* 7. 整数反转.c */ = {isa = PBXFileReference; lastKnownFileType = sourcecode.c.c; path = "7. 整数反转.c"; sourceTree = "<group>"; };
		146805B927DC336500D1B046 /* 215. 数组中的第K个最大元素.c */ = {isa = PBXFileReference; lastKnownFileType = sourcecode.c.c; path = "215. 数组中的第K个最大元素.c"; sourceTree = "<group>"; };
		146805BB27DC382900D1B046 /* 23. 合并K个升序链表.c */ = {isa = PBXFileReference; lastKnownFileType = sourcecode.c.c; path = "23. 合并K个升序链表.c"; sourceTree = "<group>"; };
		1477D48027EC339A00435473 /* 141. 环形链表.c */ = {isa = PBXFileReference; lastKnownFileType = sourcecode.c.c; path = "141. 环形链表.c"; sourceTree = "<group>"; };
		1477D48227EC358C00435473 /* 236. 二叉树的最近公共祖先.c */ = {isa = PBXFileReference; lastKnownFileType = sourcecode.c.c; path = "236. 二叉树的最近公共祖先.c"; sourceTree = "<group>"; };
		1477D48427EC36CB00435473 /* 92. 反转链表 II.c */ = {isa = PBXFileReference; lastKnownFileType = sourcecode.c.c; path = "92. 反转链表 II.c"; sourceTree = "<group>"; };
		1477D4B527ED7E5400435473 /* 322. 零钱兑换.c */ = {isa = PBXFileReference; lastKnownFileType = sourcecode.c.c; path = "322. 零钱兑换.c"; sourceTree = "<group>"; };
		1477D4B727ED80D500435473 /* 198. 打家劫舍.c */ = {isa = PBXFileReference; lastKnownFileType = sourcecode.c.c; path = "198. 打家劫舍.c"; sourceTree = "<group>"; };
		1477D4B927EDD68D00435473 /* bytedance-003. 古生物血缘远近判定.cpp */ = {isa = PBXFileReference; lastKnownFileType = sourcecode.cpp.cpp; path = "bytedance-003. 古生物血缘远近判定.cpp"; sourceTree = "<group>"; };
		1477D4C227EE2A9100435473 /* 160. 相交链表.c */ = {isa = PBXFileReference; lastKnownFileType = sourcecode.c.c; path = "160. 相交链表.c"; sourceTree = "<group>"; };
		1477D4C427EE2E9400435473 /* 143. 重排链表.c */ = {isa = PBXFileReference; lastKnownFileType = sourcecode.c.c; path = "143. 重排链表.c"; sourceTree = "<group>"; };
		1477D4C627EE301D00435473 /* 142. 环形链表 II.c */ = {isa = PBXFileReference; lastKnownFileType = sourcecode.c.c; path = "142. 环形链表 II.c"; sourceTree = "<group>"; };
		1477D4FB27EFE5DC00435473 /* 704. 二分查找.c */ = {isa = PBXFileReference; lastKnownFileType = sourcecode.c.c; path = "704. 二分查找.c"; sourceTree = "<group>"; };
		1477D4FD27EFE76E00435473 /* 43. 字符串相乘.c */ = {isa = PBXFileReference; lastKnownFileType = sourcecode.c.c; path = "43. 字符串相乘.c"; sourceTree = "<group>"; };
		1477D4FF27EFEAF400435473 /* bytedance-002. 发下午茶.c */ = {isa = PBXFileReference; lastKnownFileType = sourcecode.c.c; path = "bytedance-002. 发下午茶.c"; sourceTree = "<group>"; };
		14B877BC27DD78730075CA17 /* 33. 搜索旋转排序数组.c */ = {isa = PBXFileReference; lastKnownFileType = sourcecode.c.c; path = "33. 搜索旋转排序数组.c"; sourceTree = "<group>"; };
		14B877BE27DD7B2B0075CA17 /* 54. 螺旋矩阵.c */ = {isa = PBXFileReference; lastKnownFileType = sourcecode.c.c; path = "54. 螺旋矩阵.c"; sourceTree = "<group>"; };
		14B877C027DD903A0075CA17 /* bytedance-006. 夏季特惠.cpp */ = {isa = PBXFileReference; lastKnownFileType = sourcecode.cpp.cpp; path = "bytedance-006. 夏季特惠.cpp"; sourceTree = "<group>"; };
		14BB89E327E2B5FF006245F1 /* 94. 二叉树的中序遍历.c */ = {isa = PBXFileReference; lastKnownFileType = sourcecode.c.c; path = "94. 二叉树的中序遍历.c"; sourceTree = "<group>"; };
		14BB89E527E2BA67006245F1 /* 102. 二叉树的层序遍历.c */ = {isa = PBXFileReference; lastKnownFileType = sourcecode.c.c; path = "102. 二叉树的层序遍历.c"; sourceTree = "<group>"; };
		14BB89E727E2BEC3006245F1 /* 394. 字符串解码.c */ = {isa = PBXFileReference; lastKnownFileType = sourcecode.c.c; path = "394. 字符串解码.c"; sourceTree = "<group>"; };
		14BB89EA27E4052F006245F1 /* 415. 字符串相加.c */ = {isa = PBXFileReference; lastKnownFileType = sourcecode.c.c; path = "415. 字符串相加.c"; sourceTree = "<group>"; };
		14BB89EC27E410D9006245F1 /* 5. 最长回文子串.c */ = {isa = PBXFileReference; lastKnownFileType = sourcecode.c.c; path = "5. 最长回文子串.c"; sourceTree = "<group>"; };
		14BB89F027E438FA006245F1 /* 72. 编辑距离.cpp */ = {isa = PBXFileReference; lastKnownFileType = sourcecode.cpp.cpp; path = "72. 编辑距离.cpp"; sourceTree = "<group>"; };
		14BB89F527E57051006245F1 /* 64. 最小路径和.c */ = {isa = PBXFileReference; lastKnownFileType = sourcecode.c.c; path = "64. 最小路径和.c"; sourceTree = "<group>"; };
		14BB89F727E574D6006245F1 /* 300. 最长递增子序列.c */ = {isa = PBXFileReference; lastKnownFileType = sourcecode.c.c; path = "300. 最长递增子序列.c"; sourceTree = "<group>"; };
		14BB89FB27E58139006245F1 /* bytedance-004. 机器人跳跃问题.c */ = {isa = PBXFileReference; lastKnownFileType = sourcecode.c.c; path = "bytedance-004. 机器人跳跃问题.c"; sourceTree = "<group>"; };
/* End PBXFileReference section */

/* Begin PBXFrameworksBuildPhase section */
		1464A3F927D6D06500BFE294 /* Frameworks */ = {
			isa = PBXFrameworksBuildPhase;
			buildActionMask = 2147483647;
			files = (
			);
			runOnlyForDeploymentPostprocessing = 0;
		};
/* End PBXFrameworksBuildPhase section */

/* Begin PBXGroup section */
		1407C71B27D991EE0026B88A /* 3.10 */ = {
			isa = PBXGroup;
			children = (
				1407C71C27D992230026B88A /* 206. 反转链表.c */,
				1407C71E27D995220026B88A /* 199. 二叉树的右视图.c */,
				1407C72227D9BCDD0026B88A /* bytedance-016. 16. 最短移动距离.cpp */,
				1407C72827DA1CB50026B88A /* 16test.cpp */,
			);
			name = 3.10;
			sourceTree = "<group>";
		};
		1411B69127E6B76200DA0DBF /* 3.20 */ = {
			isa = PBXGroup;
			children = (
				1411B69227E6B78100DA0DBF /* 88. 合并两个有序数组.c */,
				1411B69427E6BB5000DA0DBF /* 31. 下一个排列.c */,
				1411B69627E6BD2000DA0DBF /* 4. 寻找两个正序数组的中位数.c */,
			);
			path = 3.20;
			sourceTree = "<group>";
		};
		141FEF4627E803D200437299 /* 3.21 */ = {
			isa = PBXGroup;
			children = (
				141FEF4727E8041C00437299 /* 121. 买卖股票的最佳时机.c */,
				141FEF4927E806BA00437299 /* 56. 合并区间.cpp */,
				141FEF4B27E80AA600437299 /* 135. 分发糖果.c */,
			);
			path = 3.21;
			sourceTree = "<group>";
		};
		141FEF5127E9467900437299 /* 3.22 */ = {
			isa = PBXGroup;
			children = (
				141FEF5227E946A000437299 /* 232. 用栈实现队列.c */,
				141FEF5627E94BFE00437299 /* 22.括号生成.playground */,
				141FEF5727E94EF300437299 /* 128. 最长连续序列.playground */,
			);
			path = 3.22;
			sourceTree = "<group>";
		};
		141FEF6827EA949000437299 /* 3.23 */ = {
			isa = PBXGroup;
			children = (
				141FEF6927EA954B00437299 /* bytedance-007. 化学公式解析.c */,
				141FEF6D27EB0D1600437299 /* bytedance-007. 化学公式解析.cpp */,
				141FEF6B27EA97C600437299 /* 129. 求根节点到叶节点数字之和.playground */,
				141FEF6C27EAC68900437299 /* 239. 滑动窗口最大值.playground */,
			);
			path = 3.23;
			sourceTree = "<group>";
		};
		1441700127E00693003A5A2E /* 3.15 */ = {
			isa = PBXGroup;
			children = (
				1441700227E006BA003A5A2E /* 20. 有效的括号.c */,
				1441700427E00C76003A5A2E /* 200. 岛屿数量.c */,
				1441700627E013E3003A5A2E /* 76. 最小覆盖子串.c */,
			);
			path = 3.15;
			sourceTree = "<group>";
		};
		1441700827E1660F003A5A2E /* 3.16 */ = {
			isa = PBXGroup;
			children = (
				1441700927E1662B003A5A2E /* 105. 从前序与中序遍历序列构造二叉树.c */,
				1441700B27E1681E003A5A2E /* 103. 二叉树的锯齿形层序遍历.c */,
				1441700D27E16980003A5A2E /* bytedance-010. 数组组成最大数.c */,
				1441700F27E17F0A003A5A2E /* bytedance-010. 数组组成最大数ACM.cpp */,
			);
			path = 3.16;
			sourceTree = "<group>";
		};
		1448749427DEC31400AE9974 /* 3.14 */ = {
			isa = PBXGroup;
			children = (
				1448749527DEC38D00AE9974 /* 53. 最大子数组和.c */,
				1448749727DEC60D00AE9974 /* 152. 乘积最大子数组.c */,
				1448749927DED72A00AE9974 /* 41. 缺失的第一个正数.c */,
			);
			path = 3.14;
			sourceTree = "<group>";
		};
		1464A3F327D6D06500BFE294 = {
			isa = PBXGroup;
			children = (
				1464A3FE27D6D06500BFE294 /* 3.8 */,
				1464A48827D84E2600BFE294 /* 3.9 */,
				1407C71B27D991EE0026B88A /* 3.10 */,
				146805B027DB1C3B00D1B046 /* 3.11 */,
				146805B627DC2F6400D1B046 /* 3.12 */,
				14B877BB27DD782B0075CA17 /* 3.13 */,
				1448749427DEC31400AE9974 /* 3.14 */,
				1441700127E00693003A5A2E /* 3.15 */,
				1441700827E1660F003A5A2E /* 3.16 */,
				14BB89E227E2B5E3006245F1 /* 3.17 */,
				14BB89E927E4051F006245F1 /* 3.18 */,
				14BB89F427E56FE9006245F1 /* 3.19 */,
				1411B69127E6B76200DA0DBF /* 3.20 */,
				141FEF4627E803D200437299 /* 3.21 */,
				141FEF5127E9467900437299 /* 3.22 */,
				141FEF6827EA949000437299 /* 3.23 */,
				1477D47F27EC337E00435473 /* 3.24 */,
				1477D4B427ED7E1900435473 /* 3.25 */,
				1477D4C127EE2A5900435473 /* 3.26 */,
				1477D4FA27EFE5B000435473 /* 3.27 */,
				1464A3FD27D6D06500BFE294 /* Products */,
			);
			sourceTree = "<group>";
		};
		1464A3FD27D6D06500BFE294 /* Products */ = {
			isa = PBXGroup;
			children = (
				1464A3FC27D6D06500BFE294 /* 字节跳动 */,
			);
			name = Products;
			sourceTree = "<group>";
		};
		1464A3FE27D6D06500BFE294 /* 3.8 */ = {
			isa = PBXGroup;
			children = (
				1464A3FF27D6D06500BFE294 /* 21. 合并两个有序链表.c */,
				1464A40627D6DB2B00BFE294 /* 146. LRU 缓存.cpp */,
				1464A40827D6E73200BFE294 /* 25. K 个一组翻转链表.c */,
			);
			path = 3.8;
			sourceTree = "<group>";
		};
		1464A48827D84E2600BFE294 /* 3.9 */ = {
			isa = PBXGroup;
			children = (
				1464A48627D84E0D00BFE294 /* 14. 最长公共前缀.c */,
				1464A48927D856E800BFE294 /* 3. 无重复字符的最长子串.c */,
				1407C71827D8DF2A0026B88A /* 124. 二叉树中的最大路径和.c */,
			);
			path = 3.9;
			sourceTree = "<group>";
		};
		146805B027DB1C3B00D1B046 /* 3.11 */ = {
			isa = PBXGroup;
			children = (
				146805AF27DB1C1400D1B046 /* 1. 两数之和.c */,
				146805B227DB699400D1B046 /* 15. 三数之和.c */,
				146805B427DB6B0500D1B046 /* 42. 接雨水.c */,
			);
			name = 3.11;
			sourceTree = "<group>";
		};
		146805B627DC2F6400D1B046 /* 3.12 */ = {
			isa = PBXGroup;
			children = (
				146805B727DC2F9000D1B046 /* 7. 整数反转.c */,
				146805B927DC336500D1B046 /* 215. 数组中的第K个最大元素.c */,
				146805BB27DC382900D1B046 /* 23. 合并K个升序链表.c */,
			);
			path = 3.12;
			sourceTree = "<group>";
		};
		1477D47F27EC337E00435473 /* 3.24 */ = {
			isa = PBXGroup;
			children = (
				1477D48027EC339A00435473 /* 141. 环形链表.c */,
				1477D48227EC358C00435473 /* 236. 二叉树的最近公共祖先.c */,
				1477D48427EC36CB00435473 /* 92. 反转链表 II.c */,
			);
			path = 3.24;
			sourceTree = "<group>";
		};
		1477D4B427ED7E1900435473 /* 3.25 */ = {
			isa = PBXGroup;
			children = (
				1477D4B527ED7E5400435473 /* 322. 零钱兑换.c */,
				1477D4B727ED80D500435473 /* 198. 打家劫舍.c */,
				1477D4B927EDD68D00435473 /* bytedance-003. 古生物血缘远近判定.cpp */,
			);
			path = 3.25;
			sourceTree = "<group>";
		};
		1477D4C127EE2A5900435473 /* 3.26 */ = {
			isa = PBXGroup;
			children = (
				1477D4C227EE2A9100435473 /* 160. 相交链表.c */,
				1477D4C427EE2E9400435473 /* 143. 重排链表.c */,
				1477D4C627EE301D00435473 /* 142. 环形链表 II.c */,
			);
			path = 3.26;
			sourceTree = "<group>";
		};
		1477D4FA27EFE5B000435473 /* 3.27 */ = {
			isa = PBXGroup;
			children = (
				1477D4FB27EFE5DC00435473 /* 704. 二分查找.c */,
				1477D4FD27EFE76E00435473 /* 43. 字符串相乘.c */,
				1477D4FF27EFEAF400435473 /* bytedance-002. 发下午茶.c */,
			);
			path = 3.27;
			sourceTree = "<group>";
		};
		14B877BB27DD782B0075CA17 /* 3.13 */ = {
			isa = PBXGroup;
			children = (
				14B877BC27DD78730075CA17 /* 33. 搜索旋转排序数组.c */,
				14B877BE27DD7B2B0075CA17 /* 54. 螺旋矩阵.c */,
				14B877C027DD903A0075CA17 /* bytedance-006. 夏季特惠.cpp */,
			);
			path = 3.13;
			sourceTree = "<group>";
		};
		14BB89E227E2B5E3006245F1 /* 3.17 */ = {
			isa = PBXGroup;
			children = (
				14BB89E327E2B5FF006245F1 /* 94. 二叉树的中序遍历.c */,
				14BB89E527E2BA67006245F1 /* 102. 二叉树的层序遍历.c */,
				14BB89E727E2BEC3006245F1 /* 394. 字符串解码.c */,
			);
			path = 3.17;
			sourceTree = "<group>";
		};
		14BB89E927E4051F006245F1 /* 3.18 */ = {
			isa = PBXGroup;
			children = (
				14BB89EA27E4052F006245F1 /* 415. 字符串相加.c */,
				14BB89EC27E410D9006245F1 /* 5. 最长回文子串.c */,
				14BB89F027E438FA006245F1 /* 72. 编辑距离.cpp */,
			);
			path = 3.18;
			sourceTree = "<group>";
		};
		14BB89F427E56FE9006245F1 /* 3.19 */ = {
			isa = PBXGroup;
			children = (
				14BB89F527E57051006245F1 /* 64. 最小路径和.c */,
				14BB89F727E574D6006245F1 /* 300. 最长递增子序列.c */,
				14BB89FB27E58139006245F1 /* bytedance-004. 机器人跳跃问题.c */,
			);
			path = 3.19;
			sourceTree = "<group>";
		};
/* End PBXGroup section */

/* Begin PBXNativeTarget section */
		1464A3FB27D6D06500BFE294 /* 字节跳动 */ = {
			isa = PBXNativeTarget;
			buildConfigurationList = 1464A40327D6D06500BFE294 /* Build configuration list for PBXNativeTarget "字节跳动" */;
			buildPhases = (
				1464A3F827D6D06500BFE294 /* Sources */,
				1464A3F927D6D06500BFE294 /* Frameworks */,
				1464A3FA27D6D06500BFE294 /* CopyFiles */,
			);
			buildRules = (
			);
			dependencies = (
			);
			name = "字节跳动";
			productName = "字节跳动";
			productReference = 1464A3FC27D6D06500BFE294 /* 字节跳动 */;
			productType = "com.apple.product-type.tool";
		};
/* End PBXNativeTarget section */

/* Begin PBXProject section */
		1464A3F427D6D06500BFE294 /* Project object */ = {
			isa = PBXProject;
			attributes = {
				BuildIndependentTargetsInParallel = 1;
				LastUpgradeCheck = 1320;
				TargetAttributes = {
					1464A3FB27D6D06500BFE294 = {
						CreatedOnToolsVersion = 13.2.1;
						LastSwiftMigration = 1320;
					};
				};
			};
			buildConfigurationList = 1464A3F727D6D06500BFE294 /* Build configuration list for PBXProject "字节跳动" */;
			compatibilityVersion = "Xcode 13.0";
			developmentRegion = en;
			hasScannedForEncodings = 0;
			knownRegions = (
				en,
				Base,
			);
			mainGroup = 1464A3F327D6D06500BFE294;
			productRefGroup = 1464A3FD27D6D06500BFE294 /* Products */;
			projectDirPath = "";
			projectRoot = "";
			targets = (
				1464A3FB27D6D06500BFE294 /* 字节跳动 */,
			);
		};
/* End PBXProject section */

/* Begin PBXSourcesBuildPhase section */
		1464A3F827D6D06500BFE294 /* Sources */ = {
			isa = PBXSourcesBuildPhase;
			buildActionMask = 2147483647;
			files = (
				1477D50127EFEE0D00435473 /* bytedance-002. 发下午茶.c in Sources */,
			);
			runOnlyForDeploymentPostprocessing = 0;
		};
/* End PBXSourcesBuildPhase section */

/* Begin XCBuildConfiguration section */
		1464A40127D6D06500BFE294 /* Debug */ = {
			isa = XCBuildConfiguration;
			buildSettings = {
				ALWAYS_SEARCH_USER_PATHS = NO;
				CLANG_ANALYZER_NONNULL = YES;
				CLANG_ANALYZER_NUMBER_OBJECT_CONVERSION = YES_AGGRESSIVE;
				CLANG_CXX_LANGUAGE_STANDARD = "gnu++17";
				CLANG_CXX_LIBRARY = "libc++";
				CLANG_ENABLE_MODULES = YES;
				CLANG_ENABLE_OBJC_ARC = YES;
				CLANG_ENABLE_OBJC_WEAK = YES;
				CLANG_WARN_BLOCK_CAPTURE_AUTORELEASING = YES;
				CLANG_WARN_BOOL_CONVERSION = YES;
				CLANG_WARN_COMMA = YES;
				CLANG_WARN_CONSTANT_CONVERSION = YES;
				CLANG_WARN_DEPRECATED_OBJC_IMPLEMENTATIONS = YES;
				CLANG_WARN_DIRECT_OBJC_ISA_USAGE = YES_ERROR;
				CLANG_WARN_DOCUMENTATION_COMMENTS = YES;
				CLANG_WARN_EMPTY_BODY = YES;
				CLANG_WARN_ENUM_CONVERSION = YES;
				CLANG_WARN_INFINITE_RECURSION = YES;
				CLANG_WARN_INT_CONVERSION = YES;
				CLANG_WARN_NON_LITERAL_NULL_CONVERSION = YES;
				CLANG_WARN_OBJC_IMPLICIT_RETAIN_SELF = YES;
				CLANG_WARN_OBJC_LITERAL_CONVERSION = YES;
				CLANG_WARN_OBJC_ROOT_CLASS = YES_ERROR;
				CLANG_WARN_QUOTED_INCLUDE_IN_FRAMEWORK_HEADER = YES;
				CLANG_WARN_RANGE_LOOP_ANALYSIS = YES;
				CLANG_WARN_STRICT_PROTOTYPES = YES;
				CLANG_WARN_SUSPICIOUS_MOVE = YES;
				CLANG_WARN_UNGUARDED_AVAILABILITY = YES_AGGRESSIVE;
				CLANG_WARN_UNREACHABLE_CODE = YES;
				CLANG_WARN__DUPLICATE_METHOD_MATCH = YES;
				COPY_PHASE_STRIP = NO;
				DEBUG_INFORMATION_FORMAT = dwarf;
				ENABLE_STRICT_OBJC_MSGSEND = YES;
				ENABLE_TESTABILITY = YES;
				GCC_C_LANGUAGE_STANDARD = gnu11;
				GCC_DYNAMIC_NO_PIC = NO;
				GCC_NO_COMMON_BLOCKS = YES;
				GCC_OPTIMIZATION_LEVEL = 0;
				GCC_PREPROCESSOR_DEFINITIONS = (
					"DEBUG=1",
					"$(inherited)",
				);
				GCC_WARN_64_TO_32_BIT_CONVERSION = YES;
				GCC_WARN_ABOUT_RETURN_TYPE = YES_ERROR;
				GCC_WARN_UNDECLARED_SELECTOR = YES;
				GCC_WARN_UNINITIALIZED_AUTOS = YES_AGGRESSIVE;
				GCC_WARN_UNUSED_FUNCTION = YES;
				GCC_WARN_UNUSED_VARIABLE = YES;
				MACOSX_DEPLOYMENT_TARGET = 10.9;
				MTL_ENABLE_DEBUG_INFO = INCLUDE_SOURCE;
				MTL_FAST_MATH = YES;
				ONLY_ACTIVE_ARCH = YES;
				SDKROOT = macosx;
			};
			name = Debug;
		};
		1464A40227D6D06500BFE294 /* Release */ = {
			isa = XCBuildConfiguration;
			buildSettings = {
				ALWAYS_SEARCH_USER_PATHS = NO;
				CLANG_ANALYZER_NONNULL = YES;
				CLANG_ANALYZER_NUMBER_OBJECT_CONVERSION = YES_AGGRESSIVE;
				CLANG_CXX_LANGUAGE_STANDARD = "gnu++17";
				CLANG_CXX_LIBRARY = "libc++";
				CLANG_ENABLE_MODULES = YES;
				CLANG_ENABLE_OBJC_ARC = YES;
				CLANG_ENABLE_OBJC_WEAK = YES;
				CLANG_WARN_BLOCK_CAPTURE_AUTORELEASING = YES;
				CLANG_WARN_BOOL_CONVERSION = YES;
				CLANG_WARN_COMMA = YES;
				CLANG_WARN_CONSTANT_CONVERSION = YES;
				CLANG_WARN_DEPRECATED_OBJC_IMPLEMENTATIONS = YES;
				CLANG_WARN_DIRECT_OBJC_ISA_USAGE = YES_ERROR;
				CLANG_WARN_DOCUMENTATION_COMMENTS = YES;
				CLANG_WARN_EMPTY_BODY = YES;
				CLANG_WARN_ENUM_CONVERSION = YES;
				CLANG_WARN_INFINITE_RECURSION = YES;
				CLANG_WARN_INT_CONVERSION = YES;
				CLANG_WARN_NON_LITERAL_NULL_CONVERSION = YES;
				CLANG_WARN_OBJC_IMPLICIT_RETAIN_SELF = YES;
				CLANG_WARN_OBJC_LITERAL_CONVERSION = YES;
				CLANG_WARN_OBJC_ROOT_CLASS = YES_ERROR;
				CLANG_WARN_QUOTED_INCLUDE_IN_FRAMEWORK_HEADER = YES;
				CLANG_WARN_RANGE_LOOP_ANALYSIS = YES;
				CLANG_WARN_STRICT_PROTOTYPES = YES;
				CLANG_WARN_SUSPICIOUS_MOVE = YES;
				CLANG_WARN_UNGUARDED_AVAILABILITY = YES_AGGRESSIVE;
				CLANG_WARN_UNREACHABLE_CODE = YES;
				CLANG_WARN__DUPLICATE_METHOD_MATCH = YES;
				COPY_PHASE_STRIP = NO;
				DEBUG_INFORMATION_FORMAT = "dwarf-with-dsym";
				ENABLE_NS_ASSERTIONS = NO;
				ENABLE_STRICT_OBJC_MSGSEND = YES;
				GCC_C_LANGUAGE_STANDARD = gnu11;
				GCC_NO_COMMON_BLOCKS = YES;
				GCC_WARN_64_TO_32_BIT_CONVERSION = YES;
				GCC_WARN_ABOUT_RETURN_TYPE = YES_ERROR;
				GCC_WARN_UNDECLARED_SELECTOR = YES;
				GCC_WARN_UNINITIALIZED_AUTOS = YES_AGGRESSIVE;
				GCC_WARN_UNUSED_FUNCTION = YES;
				GCC_WARN_UNUSED_VARIABLE = YES;
				MACOSX_DEPLOYMENT_TARGET = 10.9;
				MTL_ENABLE_DEBUG_INFO = NO;
				MTL_FAST_MATH = YES;
				SDKROOT = macosx;
			};
			name = Release;
		};
		1464A40427D6D06500BFE294 /* Debug */ = {
			isa = XCBuildConfiguration;
			buildSettings = {
				CLANG_ENABLE_MODULES = YES;
				CODE_SIGN_STYLE = Automatic;
				DEVELOPMENT_TEAM = 727CVV9PLJ;
				ENABLE_HARDENED_RUNTIME = YES;
				LD_RUNPATH_SEARCH_PATHS = (
					"$(inherited)",
					"@executable_path/../Frameworks",
					"@loader_path/../Frameworks",
				);
				MACOSX_DEPLOYMENT_TARGET = 10.9;
				PRODUCT_NAME = "$(TARGET_NAME)";
				SWIFT_OPTIMIZATION_LEVEL = "-Onone";
				SWIFT_VERSION = 5.0;
			};
			name = Debug;
		};
		1464A40527D6D06500BFE294 /* Release */ = {
			isa = XCBuildConfiguration;
			buildSettings = {
				CLANG_ENABLE_MODULES = YES;
				CODE_SIGN_STYLE = Automatic;
				DEVELOPMENT_TEAM = 727CVV9PLJ;
				ENABLE_HARDENED_RUNTIME = YES;
				LD_RUNPATH_SEARCH_PATHS = (
					"$(inherited)",
					"@executable_path/../Frameworks",
					"@loader_path/../Frameworks",
				);
				MACOSX_DEPLOYMENT_TARGET = 10.9;
				PRODUCT_NAME = "$(TARGET_NAME)";
				SWIFT_VERSION = 5.0;
			};
			name = Release;
		};
/* End XCBuildConfiguration section */

/* Begin XCConfigurationList section */
		1464A3F727D6D06500BFE294 /* Build configuration list for PBXProject "字节跳动" */ = {
			isa = XCConfigurationList;
			buildConfigurations = (
				1464A40127D6D06500BFE294 /* Debug */,
				1464A40227D6D06500BFE294 /* Release */,
			);
			defaultConfigurationIsVisible = 0;
			defaultConfigurationName = Release;
		};
		1464A40327D6D06500BFE294 /* Build configuration list for PBXNativeTarget "字节跳动" */ = {
			isa = XCConfigurationList;
			buildConfigurations = (
				1464A40427D6D06500BFE294 /* Debug */,
				1464A40527D6D06500BFE294 /* Release */,
			);
			defaultConfigurationIsVisible = 0;
			defaultConfigurationName = Release;
		};
/* End XCConfigurationList section */
	};
	rootObject = 1464A3F427D6D06500BFE294 /* Project object */;
}
